/vol/spacex/nanopore/test_pipeline/f/itbs1/basecalled.bam
/vol/spacex/nanopore/test_pipeline/f/itbs2/basecalled.bam
/vol/spacex/nanopore/test_pipeline/f/sham1/basecalled.bam
/vol/spacex/nanopore/test_pipeline/f/sham2/basecalled.bam
/vol/spacex/nanopore/test_pipeline/f/itbs1/summary/basecaller_summary.tsv
/vol/spacex/nanopore/test_pipeline/f/itbs2/summary/basecaller_summary.tsv
/vol/spacex/nanopore/test_pipeline/f/sham1/summary/basecaller_summary.tsv
/vol/spacex/nanopore/test_pipeline/f/sham2/summary/basecaller_summary.tsv
/vol/spacex/nanopore/test_pipeline/f/itbs1/aligned/basecalled.bam
/vol/spacex/nanopore/test_pipeline/f/itbs2/aligned/basecalled.bam
/vol/spacex/nanopore/test_pipeline/f/sham1/aligned/basecalled.bam
/vol/spacex/nanopore/test_pipeline/f/sham2/aligned/basecalled.bam
/vol/spacex/nanopore/test_pipeline/f/itbs1/summary/aligner_summary.tsv
/vol/spacex/nanopore/test_pipeline/f/itbs2/summary/aligner_summary.tsv
/vol/spacex/nanopore/test_pipeline/f/sham1/summary/aligner_summary.tsv
/vol/spacex/nanopore/test_pipeline/f/sham2/summary/aligner_summary.tsv
/vol/spacex/nanopore/test_pipeline/f/itbs1/aligned/sorted.bam
/vol/spacex/nanopore/test_pipeline/f/itbs2/aligned/sorted.bam
/vol/spacex/nanopore/test_pipeline/f/sham1/aligned/sorted.bam
/vol/spacex/nanopore/test_pipeline/f/sham2/aligned/sorted.bam
/vol/spacex/nanopore/test_pipeline/f/itbs1/summary/summary_reads.txt
/vol/spacex/nanopore/test_pipeline/f/itbs2/summary/summary_reads.txt
/vol/spacex/nanopore/test_pipeline/f/sham1/summary/summary_reads.txt
/vol/spacex/nanopore/test_pipeline/f/sham2/summary/summary_reads.txt
/vol/spacex/nanopore/test_pipeline/f/itbs1/aligned/indexed.bam.bai
/vol/spacex/nanopore/test_pipeline/f/itbs2/aligned/indexed.bam.bai
/vol/spacex/nanopore/test_pipeline/f/sham1/aligned/indexed.bam.bai
/vol/spacex/nanopore/test_pipeline/f/sham2/aligned/indexed.bam.bai
/vol/spacex/nanopore/test_pipeline/f/itbs1/pileup/pileup.bed
/vol/spacex/nanopore/test_pipeline/f/itbs2/pileup/pileup.bed
/vol/spacex/nanopore/test_pipeline/f/sham1/pileup/pileup.bed
/vol/spacex/nanopore/test_pipeline/f/sham2/pileup/pileup.bed
/vol/spacex/nanopore/test_pipeline/final/pod5/itbs1
/vol/spacex/nanopore/test_pipeline/final/pod5/itbs2
/vol/spacex/nanopore/test_pipeline/final/pod5/sham1
/vol/spacex/nanopore/test_pipeline/final/pod5/sham2
/vol/spacex/nanopore/test_pipeline/f/itbs1/basecalled.bam
/vol/spacex/nanopore/test_pipeline/f/itbs2/basecalled.bam
/vol/spacex/nanopore/test_pipeline/f/sham1/basecalled.bam
/vol/spacex/nanopore/test_pipeline/f/sham2/basecalled.bam
/vol/spacex/nanopore/test_pipeline/f/mm39_fasta/Mus_musculus.GRCm39.cdna.all.fa
/vol/spacex/nanopore/test_pipeline/f/itbs1/basecalled.bam
/vol/spacex/nanopore/test_pipeline/f/mm39_fasta/Mus_musculus.GRCm39.cdna.all.fa
/vol/spacex/nanopore/test_pipeline/f/itbs2/basecalled.bam
/vol/spacex/nanopore/test_pipeline/f/mm39_fasta/Mus_musculus.GRCm39.cdna.all.fa
/vol/spacex/nanopore/test_pipeline/f/sham1/basecalled.bam
/vol/spacex/nanopore/test_pipeline/f/mm39_fasta/Mus_musculus.GRCm39.cdna.all.fa
/vol/spacex/nanopore/test_pipeline/f/sham2/basecalled.bam
/vol/spacex/nanopore/test_pipeline/f/itbs1/aligned/basecalled.bam
/vol/spacex/nanopore/test_pipeline/f/itbs2/aligned/basecalled.bam
/vol/spacex/nanopore/test_pipeline/f/sham1/aligned/basecalled.bam
/vol/spacex/nanopore/test_pipeline/f/sham2/aligned/basecalled.bam
/vol/spacex/nanopore/test_pipeline/f/itbs1/aligned/basecalled.bam
/vol/spacex/nanopore/test_pipeline/f/itbs2/aligned/basecalled.bam
/vol/spacex/nanopore/test_pipeline/f/sham1/aligned/basecalled.bam
/vol/spacex/nanopore/test_pipeline/f/sham2/aligned/basecalled.bam
/vol/spacex/nanopore/test_pipeline/f/itbs1/aligned/sorted.bam
/vol/spacex/nanopore/test_pipeline/f/itbs2/aligned/sorted.bam
/vol/spacex/nanopore/test_pipeline/f/sham1/aligned/sorted.bam
/vol/spacex/nanopore/test_pipeline/f/sham2/aligned/sorted.bam
/vol/spacex/nanopore/test_pipeline/f/itbs1/aligned/sorted.bam
/vol/spacex/nanopore/test_pipeline/f/itbs2/aligned/sorted.bam
/vol/spacex/nanopore/test_pipeline/f/sham1/aligned/sorted.bam
/vol/spacex/nanopore/test_pipeline/f/sham2/aligned/sorted.bam
/vol/spacex/nanopore/test_pipeline/f/itbs1/aligned/sorted.bam
/vol/spacex/nanopore/test_pipeline/f/itbs1/aligned/indexed.bam.bai
/vol/spacex/nanopore/test_pipeline/f/itbs2/aligned/sorted.bam
/vol/spacex/nanopore/test_pipeline/f/itbs2/aligned/indexed.bam.bai
/vol/spacex/nanopore/test_pipeline/f/sham1/aligned/sorted.bam
/vol/spacex/nanopore/test_pipeline/f/sham1/aligned/indexed.bam.bai
/vol/spacex/nanopore/test_pipeline/f/sham2/aligned/sorted.bam
/vol/spacex/nanopore/test_pipeline/f/sham2/aligned/indexed.bam.bai
